
Microsoft Visual Studio Solution File, Format Version 12.00
# Visual Studio Version 16
VisualStudioVersion = 16.0.810.17
MinimumVisualStudioVersion = 10.0.40219.1
Project("{FAE04EC0-301F-11D3-BF4B-00C04F79EFBC}") = "Quadrants", "Quadrants\Quadrants.csproj", "{14A9268A-31E6-41F3-ADF5-7AECE870B787}"
EndProject
Global
	GlobalSection(SolutionConfigurationPlatforms) = preSolution
		Debug|Any CPU = Debug|Any CPU
		Release|Any CPU = Release|Any CPU
	EndGlobalSection
	GlobalSection(ProjectConfigurationPlatforms) = postSolution
		{14A9268A-31E6-41F3-ADF5-7AECE870B787}.Debug|Any CPU.ActiveCfg = Debug|Any CPU
		{14A9268A-31E6-41F3-ADF5-7AECE870B787}.Debug|Any CPU.Build.0 = Debug|Any CPU
		{14A9268A-31E6-41F3-ADF5-7AECE870B787}.Release|Any CPU.ActiveCfg = Release|Any CPU
		{14A9268A-31E6-41F3-ADF5-7AECE870B787}.Release|Any CPU.Build.0 = Release|Any CPU
	EndGlobalSection
	GlobalSection(SolutionProperties) = preSolution
		HideSolutionNode = FALSE
	EndGlobalSection
	GlobalSection(ExtensibilityGlobals) = postSolution
		SolutionGuid = {381689A3-FF07-4FC1-91FB-F7B858AEE6A5}
	EndGlobalSection
EndGlobal
